<?xml version="1.0" encoding="utf-8"?>
<Project ToolsVersion="4.0" xmlns="http://schemas.microsoft.com/developer/msbuild/2003">
  <ItemGroup>
    <Filter Include="Source Files">
      <UniqueIdentifier>{4FC737F1-C7A5-4376-A066-2A32D752A2FF}</UniqueIdentifier>
      <Extensions>cpp;c;cc;cxx;def;odl;idl;hpj;bat;asm;asmx</Extensions>
    </Filter>
    <Filter Include="Header Files">
      <UniqueIdentifier>{93995380-89BD-4b04-88EB-625FBE52EBFB}</UniqueIdentifier>
      <Extensions>h;hh;hpp;hxx;hm;inl;inc;xsd</Extensions>
    </Filter>
    <Filter Include="Resource Files">
      <UniqueIdentifier>{67DA6AB6-F800-4c08-8B7A-83BB121AAD01}</UniqueIdentifier>
      <Extensions>rc;ico;cur;bmp;dlg;rc2;rct;bin;rgs;gif;jpg;jpeg;jpe;resx;tiff;tif;png;wav;mfcribbon-ms</Extensions>
    </Filter>
  </ItemGroup>
  <ItemGroup>
    <ClCompile Include="Source\GOAP_Action.cpp">
      <Filter>Source Files</Filter>
    </ClCompile>
    <ClCompile Include="Source\GOAP_Node.cpp">
      <Filter>Source Files</Filter>
    </ClCompile>
    <ClCompile Include="Source\GOAP_Planner.cpp">
      <Filter>Source Files</Filter>
    </ClCompile>
    <ClCompile Include="Source\GOAP_WorldState.cpp">
      <Filter>Source Files</Filter>
    </ClCompile>
    <ClCompile Include="Source\Main.cpp">
      <Filter>Source Files</Filter>
    </ClCompile>
    <ClCompile Include="Source\Manager_Collision.cpp">
      <Filter>Source Files</Filter>
    </ClCompile>
    <ClCompile Include="Source\Manager_Input.cpp">
      <Filter>Source Files</Filter>
    </ClCompile>
    <ClCompile Include="Source\Manager_Scene.cpp">
      <Filter>Source Files</Filter>
    </ClCompile>
    <ClCompile Include="Source\Map.cpp">
      <Filter>Source Files</Filter>
    </ClCompile>
    <ClCompile Include="Source\MCTS_Action.cpp">
      <Filter>Source Files</Filter>
    </ClCompile>
    <ClCompile Include="Source\MCTS_Node.cpp">
      <Filter>Source Files</Filter>
    </ClCompile>
    <ClCompile Include="Source\MCTS_Planner.cpp">
      <Filter>Source Files</Filter>
    </ClCompile>
    <ClCompile Include="Source\MCTS_WorldState.cpp">
      <Filter>Source Files</Filter>
    </ClCompile>
    <ClCompile Include="Source\Scene.cpp">
      <Filter>Source Files</Filter>
    </ClCompile>
    <ClCompile Include="Source\Scene_Game.cpp">
      <Filter>Source Files</Filter>
    </ClCompile>
    <ClCompile Include="Source\Scene_Instructions.cpp">
      <Filter>Source Files</Filter>
    </ClCompile>
    <ClCompile Include="Source\Scene_Main_Menu.cpp">
      <Filter>Source Files</Filter>
    </ClCompile>
    <ClCompile Include="Source\Scene_Splash.cpp">
      <Filter>Source Files</Filter>
    </ClCompile>
    <ClCompile Include="Source\Structure.cpp">
      <Filter>Source Files</Filter>
    </ClCompile>
    <ClCompile Include="Source\Unit.cpp">
      <Filter>Source Files</Filter>
    </ClCompile>
    <ClCompile Include="Source\Logger.cpp">
      <Filter>Source Files</Filter>
    </ClCompile>
    <ClCompile Include="Source\Manager_Resource.cpp">
      <Filter>Source Files</Filter>
    </ClCompile>
  </ItemGroup>
  <ItemGroup>
    <ClInclude Include="Include\GOAP_Action.h">
      <Filter>Header Files</Filter>
    </ClInclude>
    <ClInclude Include="Include\GOAP_Node.h">
      <Filter>Header Files</Filter>
    </ClInclude>
    <ClInclude Include="Include\GOAP_Planner.h">
      <Filter>Header Files</Filter>
    </ClInclude>
    <ClInclude Include="Include\GOAP_WorldState.h">
      <Filter>Header Files</Filter>
    </ClInclude>
    <ClInclude Include="Include\Manager_Collision.h">
      <Filter>Header Files</Filter>
    </ClInclude>
    <ClInclude Include="Include\Manager_Input.h">
      <Filter>Header Files</Filter>
    </ClInclude>
    <ClInclude Include="Include\Manager_Scene.h">
      <Filter>Header Files</Filter>
    </ClInclude>
    <ClInclude Include="Include\Map.h">
      <Filter>Header Files</Filter>
    </ClInclude>
    <ClInclude Include="Include\MCTS_Action.h">
      <Filter>Header Files</Filter>
    </ClInclude>
    <ClInclude Include="Include\MCTS_Node.h">
      <Filter>Header Files</Filter>
    </ClInclude>
    <ClInclude Include="Include\MCTS_Planner.h">
      <Filter>Header Files</Filter>
    </ClInclude>
    <ClInclude Include="Include\MCTS_WorldState.h">
      <Filter>Header Files</Filter>
    </ClInclude>
    <ClInclude Include="Include\Scene.h">
      <Filter>Header Files</Filter>
    </ClInclude>
    <ClInclude Include="Include\Scene_Game.h">
      <Filter>Header Files</Filter>
    </ClInclude>
    <ClInclude Include="Include\Scene_Instructions.h">
      <Filter>Header Files</Filter>
    </ClInclude>
    <ClInclude Include="Include\Scene_Main_Menu.h">
      <Filter>Header Files</Filter>
    </ClInclude>
    <ClInclude Include="Include\Scene_Splash.h">
      <Filter>Header Files</Filter>
    </ClInclude>
    <ClInclude Include="Include\Structure.h">
      <Filter>Header Files</Filter>
    </ClInclude>
    <ClInclude Include="Include\Unit.h">
      <Filter>Header Files</Filter>
    </ClInclude>
    <ClInclude Include="Include\Unit_Factory.h">
      <Filter>Header Files</Filter>
    </ClInclude>
    <ClInclude Include="Include\Variables_Const.h">
      <Filter>Header Files</Filter>
    </ClInclude>
    <ClInclude Include="Include\Variables_Enum.h">
      <Filter>Header Files</Filter>
    </ClInclude>
    <ClInclude Include="Include\Logger.h">
      <Filter>Header Files</Filter>
    </ClInclude>
    <ClInclude Include="Include\Manager_Resource.h">
      <Filter>Header Files</Filter>
    </ClInclude>
  </ItemGroup>
</Project>